FORGE
  remote: https://forgeapi.puppetlabs.com
  specs:
    camptocamp-openldap (1.2.3)
      herculesteam-augeasproviders_core (~> 2.0)
      herculesteam-augeasproviders_shellvar (~> 2.0)
      puppetlabs-stdlib (< 5.0.0, >= 3.2.0)
    herculesteam-augeasproviders_core (2.1.1)
      puppetlabs-stdlib (< 5.0.0, >= 3.2.0)
    herculesteam-augeasproviders_shellvar (2.1.1)
      herculesteam-augeasproviders_core (< 3.0.0, >= 2.1.0)
    ploperations-interval (0.0.1)
    puppetlabs-apt (1.7.0)
      puppetlabs-stdlib (>= 2.2.1)
    puppetlabs-concat (1.1.2)
      puppetlabs-stdlib (< 5.0.0, >= 3.2.0)
    puppetlabs-firewall (1.3.0)
    puppetlabs-inifile (1.2.0)
    puppetlabs-ntp (3.3.0)
      puppetlabs-stdlib (< 5.0.0, >= 3.2.0)
    puppetlabs-postgresql (4.1.0)
      puppetlabs-apt (< 2.0.0, >= 1.1.0)
      puppetlabs-concat (< 2.0.0, >= 1.1.0)
      puppetlabs-stdlib (~> 4.0)
    puppetlabs-puppetdb (4.1.0)
      puppetlabs-firewall (< 2.0.0, >= 1.1.3)
      puppetlabs-inifile (< 2.0.0, >= 1.1.3)
      puppetlabs-postgresql (< 5.0.0, >= 4.0.0)
      puppetlabs-stdlib (< 5.0.0, >= 4.2.2)
    puppetlabs-stdlib (4.5.1)
    ripienaar-concat (0.2.0)
    trlinkin-nsswitch (1.0.0)
      puppetlabs-stdlib (>= 1.0.0)
      trlinkin-validate_multi (>= 0.1.0)
    trlinkin-validate_multi (0.1.0)
      puppetlabs-stdlib (>= 2.3.0)

GIT
  remote: git://github.com/danielkza/puppet-file_util.git
  ref: master
  sha: 9290a849d49b600e4ba4df3c3c86c20f930e547b
  specs:
    danielkza-file_util (0.2.0)
      puppetlabs-stdlib (>= 4.0.0)

GIT
  remote: git://github.com/danielkza/puppet-kerberos_site.git
  ref: master
  sha: c87a7572c451cb3c688fc1c7f9ced770a980be8a
  specs:
    danielkza-kerberos_site (0.1.0)
      puppetlabs-stdlib (>= 0)

DEPENDENCIES
  camptocamp-openldap (>= 0)
  danielkza-file_util (>= 0)
  danielkza-kerberos_site (>= 0)
  ploperations-interval (>= 0)
  puppetlabs-apt (>= 0)
  puppetlabs-ntp (>= 0)
  puppetlabs-puppetdb (>= 0)
  puppetlabs-stdlib (>= 0)
  ripienaar-concat (>= 0)
  trlinkin-nsswitch (>= 0)

